
Microsoft Visual Studio Solution File, Format Version 12.00
Project("{FAE04EC0-301F-11D3-BF4B-00C04F79EFBC}") = "lab1", "lab1\lab1.csproj", "{4655D238-96BD-450F-A304-905543725095}"
EndProject
Project("{FAE04EC0-301F-11D3-BF4B-00C04F79EFBC}") = "lab2", "lab2\lab2.csproj", "{E058B49B-0C87-46EC-A9F1-A9030407ED0A}"
EndProject
Project("{FAE04EC0-301F-11D3-BF4B-00C04F79EFBC}") = "lab3", "lab3\lab3.csproj", "{EA66AF2E-4190-477A-9DD0-74A7900B6467}"
EndProject
Project("{FAE04EC0-301F-11D3-BF4B-00C04F79EFBC}") = "lab4", "lab4\lab4.csproj", "{2D909029-9253-4AC7-8896-EE055246AC3C}"
EndProject
Global
	GlobalSection(SolutionConfigurationPlatforms) = preSolution
		Debug|Any CPU = Debug|Any CPU
		Release|Any CPU = Release|Any CPU
	EndGlobalSection
	GlobalSection(ProjectConfigurationPlatforms) = postSolution
		{4655D238-96BD-450F-A304-905543725095}.Debug|Any CPU.ActiveCfg = Debug|Any CPU
		{4655D238-96BD-450F-A304-905543725095}.Debug|Any CPU.Build.0 = Debug|Any CPU
		{4655D238-96BD-450F-A304-905543725095}.Release|Any CPU.ActiveCfg = Release|Any CPU
		{4655D238-96BD-450F-A304-905543725095}.Release|Any CPU.Build.0 = Release|Any CPU
		{E058B49B-0C87-46EC-A9F1-A9030407ED0A}.Debug|Any CPU.ActiveCfg = Debug|Any CPU
		{E058B49B-0C87-46EC-A9F1-A9030407ED0A}.Debug|Any CPU.Build.0 = Debug|Any CPU
		{E058B49B-0C87-46EC-A9F1-A9030407ED0A}.Release|Any CPU.ActiveCfg = Release|Any CPU
		{E058B49B-0C87-46EC-A9F1-A9030407ED0A}.Release|Any CPU.Build.0 = Release|Any CPU
		{EA66AF2E-4190-477A-9DD0-74A7900B6467}.Debug|Any CPU.ActiveCfg = Debug|Any CPU
		{EA66AF2E-4190-477A-9DD0-74A7900B6467}.Debug|Any CPU.Build.0 = Debug|Any CPU
		{EA66AF2E-4190-477A-9DD0-74A7900B6467}.Release|Any CPU.ActiveCfg = Release|Any CPU
		{EA66AF2E-4190-477A-9DD0-74A7900B6467}.Release|Any CPU.Build.0 = Release|Any CPU
		{2D909029-9253-4AC7-8896-EE055246AC3C}.Debug|Any CPU.ActiveCfg = Debug|Any CPU
		{2D909029-9253-4AC7-8896-EE055246AC3C}.Debug|Any CPU.Build.0 = Debug|Any CPU
		{2D909029-9253-4AC7-8896-EE055246AC3C}.Release|Any CPU.ActiveCfg = Release|Any CPU
		{2D909029-9253-4AC7-8896-EE055246AC3C}.Release|Any CPU.Build.0 = Release|Any CPU
	EndGlobalSection
EndGlobal
